{
  "version": 4,
  "terraform_version": "1.11.4",
  "serial": 58,
  "lineage": "d9768f55-06cb-1c69-5216-096c9dccd40a",
  "outputs": {
    "bastion_private_ip": {
      "value": "10.0.1.4",
      "type": "string"
    },
    "bastion_public_ip": {
      "value": "128.251.187.170",
      "type": "string"
    },
    "master_private_ips": {
      "value": {
        "master-1": "10.0.1.5"
      },
      "type": [
        "object",
        {
          "master-1": "string"
        }
      ]
    },
    "next_steps": {
      "value": "    \n========================================\nKubernetes Cluster Infrastructure Ready!\n========================================\n    \n� Architecture: Bastion Host (1 Public IP)\n    \n📋 Access Pattern:\n    \n1. Connect to Bastion:\n   ssh azureuser@128.251.187.170\n    \n2. From Bastion, connect to any node:\n   Master-1: ssh 10.0.1.5\n   Worker-1: ssh 10.0.1.6\n    \n3. OR use ProxyJump (direct from your PC):\n   ssh -J azureuser@128.251.187.170 azureuser@10.0.1.5\n    \n📝 Kubernetes Setup:\n    \n1. Initialize Kubernetes on master-1:\n   sudo su -\n   MASTER_IP=$(hostname -I | awk '{print $1}')\n   kubeadm init --pod-network-cidr=10.244.0.0/16 --apiserver-advertise-address=$MASTER_IP --control-plane-endpoint=$MASTER_IP:6443 --upload-certs\n    \n2. Configure kubectl:\n   mkdir -p /root/.kube\n   cp -i /etc/kubernetes/admin.conf /root/.kube/config\n    \n3. Install Flannel CNI:\n   kubectl apply -f https://raw.githubusercontent.com/flannel-io/flannel/master/Documentation/kube-flannel.yml\n    \n4. Join other masters and workers using the kubeadm join commands displayed\n    \n5. Verify:\n   kubectl get nodes\n    \n⚠️  Important Notes:\n- Only the bastion has a public IP\n- All K8s nodes have private IPs only\n- All nodes are pre-configured with kubeadm, kubelet, kubectl, containerd\n- NTP (chrony) synchronized\n- Root access enabled\n    \n",
      "type": "string"
    },
    "resource_group_name": {
      "value": "k8s-cluster-rg",
      "type": "string"
    },
    "ssh_bastion": {
      "value": "ssh azureuser@128.251.187.170",
      "type": "string"
    },
    "ssh_commands_masters": {
      "value": {
        "master-1": "ssh -J azureuser@128.251.187.170 azureuser@10.0.1.5"
      },
      "type": [
        "object",
        {
          "master-1": "string"
        }
      ]
    },
    "ssh_commands_workers": {
      "value": {
        "worker-1": "ssh -J azureuser@128.251.187.170 azureuser@10.0.1.6"
      },
      "type": [
        "object",
        {
          "worker-1": "string"
        }
      ]
    },
    "storage_account_id": {
      "value": "/subscriptions/ef90f1f8-dfd6-4cd7-81f1-bd37f18abb1e/resourceGroups/k8s-cluster-rg/providers/Microsoft.Storage/storageAccounts/k8ssvc",
      "type": "string"
    },
    "storage_account_name": {
      "value": "k8ssvc",
      "type": "string"
    },
    "storage_share_name": {
      "value": "k8s-storage",
      "type": "string"
    },
    "vnet_name": {
      "value": "k8s-vnet",
      "type": "string"
    },
    "worker_private_ips": {
      "value": {
        "worker-1": "10.0.1.6"
      },
      "type": [
        "object",
        {
          "worker-1": "string"
        }
      ]
    }
  },
  "resources": [
    {
      "mode": "managed",
      "type": "azurerm_dev_test_global_vm_shutdown_schedule",
      "name": "bastion_shutdown_schedule",
      "provider": "provider[\"registry.terraform.io/hashicorp/azurerm\"]",
      "instances": [
        {
          "schema_version": 0,
          "attributes": {
            "daily_recurrence_time": "0200",
            "enabled": true,
            "id": "/subscriptions/ef90f1f8-dfd6-4cd7-81f1-bd37f18abb1e/resourceGroups/k8s-cluster-rg/providers/Microsoft.DevTestLab/schedules/shutdown-computevm-k8s-bastion",
            "location": "westeurope",
            "notification_settings": [
              {
                "email": "",
                "enabled": false,
                "time_in_minutes": 30,
                "webhook_url": ""
              }
            ],
            "tags": {},
            "timeouts": null,
            "timezone": "UTC",
            "virtual_machine_id": "/subscriptions/ef90f1f8-dfd6-4cd7-81f1-bd37f18abb1e/resourceGroups/k8s-cluster-rg/providers/Microsoft.Compute/virtualMachines/k8s-bastion"
          },
          "sensitive_attributes": [],
          "private": "eyJlMmJmYjczMC1lY2FhLTExZTYtOGY4OC0zNDM2M2JjN2M0YzAiOnsiY3JlYXRlIjoxODAwMDAwMDAwMDAwLCJkZWxldGUiOjE4MDAwMDAwMDAwMDAsInJlYWQiOjMwMDAwMDAwMDAwMCwidXBkYXRlIjoxODAwMDAwMDAwMDAwfX0=",
          "dependencies": [
            "azurerm_linux_virtual_machine.bastion",
            "azurerm_network_interface.bastion_nic",
            "azurerm_public_ip.bastion_pip",
            "azurerm_resource_group.rg",
            "azurerm_subnet.k8s_subnet",
            "azurerm_virtual_network.vnet"
          ]
        }
      ]
    },
    {
      "mode": "managed",
      "type": "azurerm_dev_test_global_vm_shutdown_schedule",
      "name": "master_shutdown_schedule",
      "provider": "provider[\"registry.terraform.io/hashicorp/azurerm\"]",
      "instances": [
        {
          "index_key": 0,
          "schema_version": 0,
          "attributes": {
            "daily_recurrence_time": "0200",
            "enabled": true,
            "id": "/subscriptions/ef90f1f8-dfd6-4cd7-81f1-bd37f18abb1e/resourceGroups/k8s-cluster-rg/providers/Microsoft.DevTestLab/schedules/shutdown-computevm-k8s-master-1",
            "location": "westeurope",
            "notification_settings": [
              {
                "email": "",
                "enabled": false,
                "time_in_minutes": 30,
                "webhook_url": ""
              }
            ],
            "tags": {},
            "timeouts": null,
            "timezone": "UTC",
            "virtual_machine_id": "/subscriptions/ef90f1f8-dfd6-4cd7-81f1-bd37f18abb1e/resourceGroups/k8s-cluster-rg/providers/Microsoft.Compute/virtualMachines/k8s-master-1"
          },
          "sensitive_attributes": [],
          "private": "eyJlMmJmYjczMC1lY2FhLTExZTYtOGY4OC0zNDM2M2JjN2M0YzAiOnsiY3JlYXRlIjoxODAwMDAwMDAwMDAwLCJkZWxldGUiOjE4MDAwMDAwMDAwMDAsInJlYWQiOjMwMDAwMDAwMDAwMCwidXBkYXRlIjoxODAwMDAwMDAwMDAwfSwic2NoZW1hX3ZlcnNpb24iOiIwIn0=",
          "dependencies": [
            "azurerm_linux_virtual_machine.master",
            "azurerm_network_interface.master_nic",
            "azurerm_resource_group.rg",
            "azurerm_subnet.k8s_subnet",
            "azurerm_virtual_network.vnet"
          ]
        }
      ]
    },
    {
      "mode": "managed",
      "type": "azurerm_dev_test_global_vm_shutdown_schedule",
      "name": "worker_shutdown_schedule",
      "provider": "provider[\"registry.terraform.io/hashicorp/azurerm\"]",
      "instances": [
        {
          "index_key": 0,
          "schema_version": 0,
          "attributes": {
            "daily_recurrence_time": "0200",
            "enabled": true,
            "id": "/subscriptions/ef90f1f8-dfd6-4cd7-81f1-bd37f18abb1e/resourceGroups/k8s-cluster-rg/providers/Microsoft.DevTestLab/schedules/shutdown-computevm-k8s-worker-1",
            "location": "westeurope",
            "notification_settings": [
              {
                "email": "",
                "enabled": false,
                "time_in_minutes": 30,
                "webhook_url": ""
              }
            ],
            "tags": {},
            "timeouts": null,
            "timezone": "UTC",
            "virtual_machine_id": "/subscriptions/ef90f1f8-dfd6-4cd7-81f1-bd37f18abb1e/resourceGroups/k8s-cluster-rg/providers/Microsoft.Compute/virtualMachines/k8s-worker-1"
          },
          "sensitive_attributes": [],
          "private": "eyJlMmJmYjczMC1lY2FhLTExZTYtOGY4OC0zNDM2M2JjN2M0YzAiOnsiY3JlYXRlIjoxODAwMDAwMDAwMDAwLCJkZWxldGUiOjE4MDAwMDAwMDAwMDAsInJlYWQiOjMwMDAwMDAwMDAwMCwidXBkYXRlIjoxODAwMDAwMDAwMDAwfX0=",
          "dependencies": [
            "azurerm_linux_virtual_machine.worker",
            "azurerm_network_interface.worker_nic",
            "azurerm_resource_group.rg",
            "azurerm_subnet.k8s_subnet",
            "azurerm_virtual_network.vnet"
          ]
        }
      ]
    },
    {
      "mode": "managed",
      "type": "azurerm_federated_identity_credential",
      "name": "storage_fic_controller",
      "provider": "provider[\"registry.terraform.io/hashicorp/azurerm\"]",
      "instances": [
        {
          "schema_version": 0,
          "attributes": {
            "audience": [
              "api://AzureADTokenExchange"
            ],
            "id": "/subscriptions/ef90f1f8-dfd6-4cd7-81f1-bd37f18abb1e/resourceGroups/k8s-cluster-rg/providers/Microsoft.ManagedIdentity/userAssignedIdentities/k8s-storage-identity/federatedIdentityCredentials/k8s-storage-federation-controller",
            "issuer": "https://kubernetes.default.svc.cluster.local",
            "name": "k8s-storage-federation-controller",
            "parent_id": "/subscriptions/ef90f1f8-dfd6-4cd7-81f1-bd37f18abb1e/resourceGroups/k8s-cluster-rg/providers/Microsoft.ManagedIdentity/userAssignedIdentities/k8s-storage-identity",
            "resource_group_name": "k8s-cluster-rg",
            "subject": "system:serviceaccount:kube-system:azurefile-csi-controller-sa",
            "timeouts": null
          },
          "sensitive_attributes": [],
          "private": "eyJlMmJmYjczMC1lY2FhLTExZTYtOGY4OC0zNDM2M2JjN2M0YzAiOnsiY3JlYXRlIjoxODAwMDAwMDAwMDAwLCJkZWxldGUiOjE4MDAwMDAwMDAwMDAsInJlYWQiOjMwMDAwMDAwMDAwMCwidXBkYXRlIjoxODAwMDAwMDAwMDAwfSwic2NoZW1hX3ZlcnNpb24iOiIwIn0=",
          "dependencies": [
            "azurerm_resource_group.rg",
            "azurerm_user_assigned_identity.storage_identity"
          ]
        }
      ]
    },
    {
      "mode": "managed",
      "type": "azurerm_federated_identity_credential",
      "name": "storage_fic_node",
      "provider": "provider[\"registry.terraform.io/hashicorp/azurerm\"]",
      "instances": [
        {
          "schema_version": 0,
          "attributes": {
            "audience": [
              "api://AzureADTokenExchange"
            ],
            "id": "/subscriptions/ef90f1f8-dfd6-4cd7-81f1-bd37f18abb1e/resourceGroups/k8s-cluster-rg/providers/Microsoft.ManagedIdentity/userAssignedIdentities/k8s-storage-identity/federatedIdentityCredentials/k8s-storage-federation-node",
            "issuer": "https://kubernetes.default.svc.cluster.local",
            "name": "k8s-storage-federation-node",
            "parent_id": "/subscriptions/ef90f1f8-dfd6-4cd7-81f1-bd37f18abb1e/resourceGroups/k8s-cluster-rg/providers/Microsoft.ManagedIdentity/userAssignedIdentities/k8s-storage-identity",
            "resource_group_name": "k8s-cluster-rg",
            "subject": "system:serviceaccount:kube-system:azurefile-csi-node-sa",
            "timeouts": null
          },
          "sensitive_attributes": [],
          "private": "eyJlMmJmYjczMC1lY2FhLTExZTYtOGY4OC0zNDM2M2JjN2M0YzAiOnsiY3JlYXRlIjoxODAwMDAwMDAwMDAwLCJkZWxldGUiOjE4MDAwMDAwMDAwMDAsInJlYWQiOjMwMDAwMDAwMDAwMCwidXBkYXRlIjoxODAwMDAwMDAwMDAwfSwic2NoZW1hX3ZlcnNpb24iOiIwIn0=",
          "dependencies": [
            "azurerm_resource_group.rg",
            "azurerm_user_assigned_identity.storage_identity"
          ]
        }
      ]
    },
    {
      "mode": "managed",
      "type": "azurerm_linux_virtual_machine",
      "name": "bastion",
      "provider": "provider[\"registry.terraform.io/hashicorp/azurerm\"]",
      "instances": [
        {
          "schema_version": 0,
          "attributes": {
            "additional_capabilities": [],
            "admin_password": null,
            "admin_ssh_key": [
              {
                "public_key": "ssh-rsa AAAAB3NzaC1yc2EAAAADAQABAAABAQCaHR9d0E/Ytb9MwXB5WUFBU+hGVTZo7bIhzqr/ST5yhcngDNERdGa+srMyoucr4N/7Xfgkaztx8f0VGONBtJNxfpukkwERtj4JZTFRx2jngCoAq247PQKpziU6ufHXBP4Wo3ZbKfeOrfshA0nOkbJlApljiGO7CG3ecr7IsRjL0XV/hTeqi0cxCUkE51df9lRp54rW1TuIy5kKhXM808GI85ooS5LBad2cdFiGdgXkX9sV7l2BOX2whNhA2xvROosnDxFofUfTCB7puigF0VaJHi9eyEyMgJBNCN67gw8YeUWOkMgkEGUL6em+Gegp/YerwjfyszgCUlxK6IhaDJWj",
                "username": "azureuser"
              }
            ],
            "admin_username": "azureuser",
            "allow_extension_operations": true,
            "availability_set_id": "",
            "boot_diagnostics": [],
            "bypass_platform_safety_checks_on_user_schedule_enabled": false,
            "capacity_reservation_group_id": "",
            "computer_name": "k8s-bastion",
            "custom_data": "I2Nsb3VkLWNvbmZpZwpob3N0bmFtZTogazhzLWJhc3Rpb24KZnFkbjogazhzLWJhc3Rpb24ubG9jYWwKbWFuYWdlX2V0Y19ob3N0czogdHJ1ZQoKIyBFbmFibGUgcm9vdCBsb2dpbiB3aXRoIFNTSCBrZXkKZGlzYWJsZV9yb290OiBmYWxzZQpzc2hfcHdhdXRoOiBmYWxzZQoKdXNlcnM6CiAgLSBkZWZhdWx0CiAgLSBuYW1lOiByb290CiAgICBsb2NrX3Bhc3N3ZDogZmFsc2UKICAgIHNzaF9hdXRob3JpemVkX2tleXM6CiAgICAgIC0gJHtmaWxlKCJ+Ly5zc2gvaWRfcnNhLnB1YiIpfQoKIyBCYXNpYyBwYWNrYWdlcyBmb3IgYmFzdGlvbiBob3N0CnBhY2thZ2VzOgogIC0gY3VybAogIC0gd2dldAogIC0gdmltCiAgLSBodG9wCiAgLSBuZXQtdG9vbHMKICAtIGRuc3V0aWxzCgpydW5jbWQ6CiAgIyBFbmFibGUgcm9vdCBTU0ggbG9naW4KICAtIHNlZCAtaSAncy8jUGVybWl0Um9vdExvZ2luIHByb2hpYml0LXBhc3N3b3JkL1Blcm1pdFJvb3RMb2dpbiBwcm9oaWJpdC1wYXNzd29yZC8nIC9ldGMvc3NoL3NzaGRfY29uZmlnCiAgLSBzZWQgLWkgJ3MvUGVybWl0Um9vdExvZ2luIG5vL1Blcm1pdFJvb3RMb2dpbiBwcm9oaWJpdC1wYXNzd29yZC8nIC9ldGMvc3NoL3NzaGRfY29uZmlnCiAgLSBzeXN0ZW1jdGwgcmVzdGFydCBzc2hkCiAgCiAgIyBDcmVhdGUgLnNzaCBkaXJlY3RvcnkgZm9yIHJvb3QKICAtIG1rZGlyIC1wIC9yb290Ly5zc2gKICAtIGNobW9kIDcwMCAvcm9vdC8uc3NoCiAgLSBjcCAvaG9tZS9henVyZXVzZXIvLnNzaC9hdXRob3JpemVkX2tleXMgL3Jvb3QvLnNzaC9hdXRob3JpemVkX2tleXMKICAtIGNobW9kIDYwMCAvcm9vdC8uc3NoL2F1dGhvcml6ZWRfa2V5cwogIC0gY2hvd24gLVIgcm9vdDpyb290IC9yb290Ly5zc2gKICAKICAjIENvcHkgU1NIIHByaXZhdGUga2V5IHRvIGJhc3Rpb24gZm9yIGludGVybmFsIGFjY2VzcyAob3B0aW9uYWwpCiAgIyBVc2VycyBzaG91bGQgbWFudWFsbHkgY29weSB0aGVpciBwcml2YXRlIGtleSB0byBiYXN0aW9uIGlmIG5lZWRlZAogIC0gZWNobyAiQmFzdGlvbiBob3N0IGNvbmZpZ3VyZWQgc3VjY2Vzc2Z1bGx5IiA+IC9ldGMvbW90ZAogIC0gZWNobyAiVXNlIHRoaXMgaG9zdCB0byBqdW1wIHRvIGludGVybmFsIEt1YmVybmV0ZXMgbm9kZXMiID4+IC9ldGMvbW90ZAoKZmluYWxfbWVzc2FnZTogIkJhc3Rpb24gaG9zdCBpcyByZWFkeSBhZnRlciAkVVBUSU1FIHNlY29uZHMiCg==",
            "dedicated_host_group_id": "",
            "dedicated_host_id": "",
            "disable_password_authentication": true,
            "disk_controller_type": "SCSI",
            "edge_zone": "",
            "encryption_at_host_enabled": false,
            "eviction_policy": "",
            "extensions_time_budget": "PT1H30M",
            "gallery_application": [],
            "id": "/subscriptions/ef90f1f8-dfd6-4cd7-81f1-bd37f18abb1e/resourceGroups/k8s-cluster-rg/providers/Microsoft.Compute/virtualMachines/k8s-bastion",
            "identity": [],
            "license_type": "",
            "location": "westeurope",
            "max_bid_price": -1,
            "name": "k8s-bastion",
            "network_interface_ids": [
              "/subscriptions/ef90f1f8-dfd6-4cd7-81f1-bd37f18abb1e/resourceGroups/k8s-cluster-rg/providers/Microsoft.Network/networkInterfaces/k8s-bastion-nic"
            ],
            "os_disk": [
              {
                "caching": "ReadWrite",
                "diff_disk_settings": [],
                "disk_encryption_set_id": "",
                "disk_size_gb": 30,
                "name": "k8s-bastion_OsDisk_1_1f6e45d96e4e4fbb8c1b93e231b56e1f",
                "secure_vm_disk_encryption_set_id": "",
                "security_encryption_type": "",
                "storage_account_type": "Standard_LRS",
                "write_accelerator_enabled": false
              }
            ],
            "os_image_notification": [],
            "patch_assessment_mode": "ImageDefault",
            "patch_mode": "ImageDefault",
            "plan": [],
            "platform_fault_domain": -1,
            "priority": "Regular",
            "private_ip_address": "10.0.1.4",
            "private_ip_addresses": [
              "10.0.1.4"
            ],
            "provision_vm_agent": true,
            "proximity_placement_group_id": "",
            "public_ip_address": "128.251.187.170",
            "public_ip_addresses": [
              "128.251.187.170"
            ],
            "reboot_setting": "",
            "resource_group_name": "k8s-cluster-rg",
            "secret": [],
            "secure_boot_enabled": false,
            "size": "Standard_B1s",
            "source_image_id": "",
            "source_image_reference": [
              {
                "offer": "0001-com-ubuntu-server-jammy",
                "publisher": "Canonical",
                "sku": "22_04-lts-gen2",
                "version": "latest"
              }
            ],
            "tags": {
              "Environment": "Kubernetes",
              "Role": "Bastion"
            },
            "termination_notification": [],
            "timeouts": null,
            "user_data": "",
            "virtual_machine_id": "10feee56-558f-4a58-9beb-085b56f359cd",
            "virtual_machine_scale_set_id": "",
            "vm_agent_platform_updates_enabled": false,
            "vtpm_enabled": false,
            "zone": ""
          },
          "sensitive_attributes": [
            [
              {
                "type": "get_attr",
                "value": "custom_data"
              }
            ],
            [
              {
                "type": "get_attr",
                "value": "admin_password"
              }
            ]
          ],
          "private": "eyJlMmJmYjczMC1lY2FhLTExZTYtOGY4OC0zNDM2M2JjN2M0YzAiOnsiY3JlYXRlIjoyNzAwMDAwMDAwMDAwLCJkZWxldGUiOjI3MDAwMDAwMDAwMDAsInJlYWQiOjMwMDAwMDAwMDAwMCwidXBkYXRlIjoyNzAwMDAwMDAwMDAwfX0=",
          "dependencies": [
            "azurerm_network_interface.bastion_nic",
            "azurerm_public_ip.bastion_pip",
            "azurerm_resource_group.rg",
            "azurerm_subnet.k8s_subnet",
            "azurerm_virtual_network.vnet"
          ]
        }
      ]
    },
    {
      "mode": "managed",
      "type": "azurerm_linux_virtual_machine",
      "name": "master",
      "provider": "provider[\"registry.terraform.io/hashicorp/azurerm\"]",
      "instances": [
        {
          "index_key": 0,
          "schema_version": 0,
          "attributes": {
            "additional_capabilities": [],
            "admin_password": null,
            "admin_ssh_key": [
              {
                "public_key": "ssh-rsa AAAAB3NzaC1yc2EAAAADAQABAAABAQCaHR9d0E/Ytb9MwXB5WUFBU+hGVTZo7bIhzqr/ST5yhcngDNERdGa+srMyoucr4N/7Xfgkaztx8f0VGONBtJNxfpukkwERtj4JZTFRx2jngCoAq247PQKpziU6ufHXBP4Wo3ZbKfeOrfshA0nOkbJlApljiGO7CG3ecr7IsRjL0XV/hTeqi0cxCUkE51df9lRp54rW1TuIy5kKhXM808GI85ooS5LBad2cdFiGdgXkX9sV7l2BOX2whNhA2xvROosnDxFofUfTCB7puigF0VaJHi9eyEyMgJBNCN67gw8YeUWOkMgkEGUL6em+Gegp/YerwjfyszgCUlxK6IhaDJWj",
                "username": "azureuser"
              }
            ],
            "admin_username": "azureuser",
            "allow_extension_operations": true,
            "availability_set_id": "",
            "boot_diagnostics": [],
            "bypass_platform_safety_checks_on_user_schedule_enabled": false,
            "capacity_reservation_group_id": "",
            "computer_name": "k8s-master-1",
            "custom_data": null,
            "dedicated_host_group_id": "",
            "dedicated_host_id": "",
            "disable_password_authentication": true,
            "disk_controller_type": "SCSI",
            "edge_zone": "",
            "encryption_at_host_enabled": false,
            "eviction_policy": "",
            "extensions_time_budget": "PT1H30M",
            "gallery_application": [],
            "id": "/subscriptions/ef90f1f8-dfd6-4cd7-81f1-bd37f18abb1e/resourceGroups/k8s-cluster-rg/providers/Microsoft.Compute/virtualMachines/k8s-master-1",
            "identity": [],
            "license_type": "",
            "location": "westeurope",
            "max_bid_price": -1,
            "name": "k8s-master-1",
            "network_interface_ids": [
              "/subscriptions/ef90f1f8-dfd6-4cd7-81f1-bd37f18abb1e/resourceGroups/k8s-cluster-rg/providers/Microsoft.Network/networkInterfaces/k8s-master-1-nic"
            ],
            "os_disk": [
              {
                "caching": "ReadWrite",
                "diff_disk_settings": [],
                "disk_encryption_set_id": "",
                "disk_size_gb": 30,
                "name": "k8s-master-1_OsDisk_1_2fc0bb0f199f4f799b0eb1270d7121da",
                "secure_vm_disk_encryption_set_id": "",
                "security_encryption_type": "",
                "storage_account_type": "Standard_LRS",
                "write_accelerator_enabled": false
              }
            ],
            "os_image_notification": [],
            "patch_assessment_mode": "ImageDefault",
            "patch_mode": "ImageDefault",
            "plan": [],
            "platform_fault_domain": -1,
            "priority": "Regular",
            "private_ip_address": "10.0.1.5",
            "private_ip_addresses": [
              "10.0.1.5"
            ],
            "provision_vm_agent": true,
            "proximity_placement_group_id": "",
            "public_ip_address": "",
            "public_ip_addresses": [],
            "reboot_setting": "",
            "resource_group_name": "k8s-cluster-rg",
            "secret": [],
            "secure_boot_enabled": false,
            "size": "Standard_B2s",
            "source_image_id": "",
            "source_image_reference": [
              {
                "offer": "0001-com-ubuntu-server-jammy",
                "publisher": "Canonical",
                "sku": "22_04-lts-gen2",
                "version": "latest"
              }
            ],
            "tags": {
              "Environment": "Kubernetes",
              "Role": "Master"
            },
            "termination_notification": [],
            "timeouts": null,
            "user_data": "",
            "virtual_machine_id": "bf1279fa-41b8-4903-9797-f57a9f1df378",
            "virtual_machine_scale_set_id": "",
            "vm_agent_platform_updates_enabled": false,
            "vtpm_enabled": false,
            "zone": ""
          },
          "sensitive_attributes": [
            [
              {
                "type": "get_attr",
                "value": "admin_password"
              }
            ],
            [
              {
                "type": "get_attr",
                "value": "custom_data"
              }
            ]
          ],
          "private": "eyJlMmJmYjczMC1lY2FhLTExZTYtOGY4OC0zNDM2M2JjN2M0YzAiOnsiY3JlYXRlIjoyNzAwMDAwMDAwMDAwLCJkZWxldGUiOjI3MDAwMDAwMDAwMDAsInJlYWQiOjMwMDAwMDAwMDAwMCwidXBkYXRlIjoyNzAwMDAwMDAwMDAwfSwic2NoZW1hX3ZlcnNpb24iOiIwIn0=",
          "dependencies": [
            "azurerm_network_interface.master_nic",
            "azurerm_resource_group.rg",
            "azurerm_subnet.k8s_subnet",
            "azurerm_virtual_network.vnet"
          ]
        }
      ]
    },
    {
      "mode": "managed",
      "type": "azurerm_linux_virtual_machine",
      "name": "worker",
      "provider": "provider[\"registry.terraform.io/hashicorp/azurerm\"]",
      "instances": [
        {
          "index_key": 0,
          "schema_version": 0,
          "attributes": {
            "additional_capabilities": [],
            "admin_password": null,
            "admin_ssh_key": [
              {
                "public_key": "ssh-rsa AAAAB3NzaC1yc2EAAAADAQABAAABAQCaHR9d0E/Ytb9MwXB5WUFBU+hGVTZo7bIhzqr/ST5yhcngDNERdGa+srMyoucr4N/7Xfgkaztx8f0VGONBtJNxfpukkwERtj4JZTFRx2jngCoAq247PQKpziU6ufHXBP4Wo3ZbKfeOrfshA0nOkbJlApljiGO7CG3ecr7IsRjL0XV/hTeqi0cxCUkE51df9lRp54rW1TuIy5kKhXM808GI85ooS5LBad2cdFiGdgXkX9sV7l2BOX2whNhA2xvROosnDxFofUfTCB7puigF0VaJHi9eyEyMgJBNCN67gw8YeUWOkMgkEGUL6em+Gegp/YerwjfyszgCUlxK6IhaDJWj",
                "username": "azureuser"
              }
            ],
            "admin_username": "azureuser",
            "allow_extension_operations": true,
            "availability_set_id": "",
            "boot_diagnostics": [],
            "bypass_platform_safety_checks_on_user_schedule_enabled": false,
            "capacity_reservation_group_id": "",
            "computer_name": "k8s-worker-1",
            "custom_data": "I2Nsb3VkLWNvbmZpZwpob3N0bmFtZTogazhzLXdvcmtlci0xCmZxZG46IGs4cy13b3JrZXItMS5sb2NhbAptYW5hZ2VfZXRjX2hvc3RzOiB0cnVlCgojIEVuYWJsZSByb290IGxvZ2luIHdpdGggU1NIIGtleQpkaXNhYmxlX3Jvb3Q6IGZhbHNlCnNzaF9wd2F1dGg6IGZhbHNlCgp1c2VyczoKICAtIGRlZmF1bHQKICAtIG5hbWU6IHJvb3QKICAgIGxvY2tfcGFzc3dkOiBmYWxzZQogICAgc3NoX2F1dGhvcml6ZWRfa2V5czoKICAgICAgLSBzc2gtcnNhIEFBQUFCM056YUMxeWMyRUFBQUFEQVFBQkFBQUJBUUNhSFI5ZDBFL1l0YjlNd1hCNVdVRkJVK2hHVlRabzdiSWh6cXIvU1Q1eWhjbmdETkVSZEdhK3NyTXlvdWNyNE4vN1hmZ2thenR4OGYwVkdPTkJ0Sk54ZnB1a2t3RVJ0ajRKWlRGUngyam5nQ29BcTI0N1BRS3B6aVU2dWZIWEJQNFdvM1piS2ZlT3Jmc2hBMG5Pa2JKbEFwbGppR083Q0czZWNyN0lzUmpMMFhWL2hUZXFpMGN4Q1VrRTUxZGY5bFJwNTRyVzFUdUl5NWtLaFhNODA4R0k4NW9vUzVMQmFkMmNkRmlHZGdYa1g5c1Y3bDJCT1gyd2hOaEEyeHZST29zbkR4Rm9mVWZUQ0I3cHVpZ0YwVmFKSGk5ZXlFeU1nSkJOQ042N2d3OFllVVdPa01na0VHVUw2ZW0rR2VncC9ZZXJ3amZ5c3pnQ1VseEs2SWhhREpXagoKIyBTeXN0ZW0gcGFja2FnZXMgdG8gaW5zdGFsbApwYWNrYWdlczoKICAtIGFwdC10cmFuc3BvcnQtaHR0cHMKICAtIGNhLWNlcnRpZmljYXRlcwogIC0gY3VybAogIC0gZ251cGcKICAtIGxzYi1yZWxlYXNlCiAgLSBjaHJvbnkKICAtIHNvY2F0CiAgLSBjb25udHJhY2sKICAtIGlwc2V0CgojIENvbmZpZ3VyZSBOVFAgZm9yIHRpbWUgc3luY2hyb25pemF0aW9uCndyaXRlX2ZpbGVzOgogIC0gcGF0aDogL2V0Yy9jaHJvbnkvY2hyb255LmNvbmYKICAgIGNvbnRlbnQ6IHwKICAgICAgcG9vbCBudHAudWJ1bnR1LmNvbSAgICAgICAgaWJ1cnN0IG1heHNvdXJjZXMgNAogICAgICBwb29sIDAudWJ1bnR1LnBvb2wubnRwLm9yZyBpYnVyc3QgbWF4c291cmNlcyAxCiAgICAgIHBvb2wgMS51YnVudHUucG9vbC5udHAub3JnIGlidXJzdCBtYXhzb3VyY2VzIDEKICAgICAgcG9vbCAyLnVidW50dS5wb29sLm50cC5vcmcgaWJ1cnN0IG1heHNvdXJjZXMgMgogICAgICAKICAgICAgZHJpZnRmaWxlIC92YXIvbGliL2Nocm9ueS9jaHJvbnkuZHJpZnQKICAgICAgbG9nZGlyIC92YXIvbG9nL2Nocm9ueQogICAgICBtYXh1cGRhdGVza2V3IDEwMC4wCiAgICAgIHJ0Y3N5bmMKICAgICAgbWFrZXN0ZXAgMSAzCiAgICBvd25lcjogcm9vdDpyb290CiAgICBwZXJtaXNzaW9uczogJzA2NDQnCgogIC0gcGF0aDogL2V0Yy9tb2R1bGVzLWxvYWQuZC9rOHMuY29uZgogICAgY29udGVudDogfAogICAgICBvdmVybGF5CiAgICAgIGJyX25ldGZpbHRlcgogICAgb3duZXI6IHJvb3Q6cm9vdAogICAgcGVybWlzc2lvbnM6ICcwNjQ0JwoKICAtIHBhdGg6IC9ldGMvc3lzY3RsLmQvazhzLmNvbmYKICAgIGNvbnRlbnQ6IHwKICAgICAgbmV0LmJyaWRnZS5icmlkZ2UtbmYtY2FsbC1pcHRhYmxlcyAgPSAxCiAgICAgIG5ldC5icmlkZ2UuYnJpZGdlLW5mLWNhbGwtaXA2dGFibGVzID0gMQogICAgICBuZXQuaXB2NC5pcF9mb3J3YXJkICAgICAgICAgICAgICAgICA9IDEKICAgIG93bmVyOiByb290OnJvb3QKICAgIHBlcm1pc3Npb25zOiAnMDY0NCcKCiAgLSBwYXRoOiAvZXRjL2NvbnRhaW5lcmQvY29uZmlnLnRvbWwKICAgIGNvbnRlbnQ6IHwKICAgICAgdmVyc2lvbiA9IDIKICAgICAgW3BsdWdpbnNdCiAgICAgICAgW3BsdWdpbnMuImlvLmNvbnRhaW5lcmQuZ3JwYy52MS5jcmkiXQogICAgICAgICAgW3BsdWdpbnMuImlvLmNvbnRhaW5lcmQuZ3JwYy52MS5jcmkiLmNvbnRhaW5lcmRdCiAgICAgICAgICAgIFtwbHVnaW5zLiJpby5jb250YWluZXJkLmdycGMudjEuY3JpIi5jb250YWluZXJkLnJ1bnRpbWVzXQogICAgICAgICAgICAgIFtwbHVnaW5zLiJpby5jb250YWluZXJkLmdycGMudjEuY3JpIi5jb250YWluZXJkLnJ1bnRpbWVzLnJ1bmNdCiAgICAgICAgICAgICAgICBydW50aW1lX3R5cGUgPSAiaW8uY29udGFpbmVyZC5ydW5jLnYyIgogICAgICAgICAgICAgICAgW3BsdWdpbnMuImlvLmNvbnRhaW5lcmQuZ3JwYy52MS5jcmkiLmNvbnRhaW5lcmQucnVudGltZXMucnVuYy5vcHRpb25zXQogICAgICAgICAgICAgICAgICBTeXN0ZW1kQ2dyb3VwID0gdHJ1ZQogICAgb3duZXI6IHJvb3Q6cm9vdAogICAgcGVybWlzc2lvbnM6ICcwNjQ0JwoKcnVuY21kOgogICMgRGlzYWJsZSBzd2FwCiAgLSBzd2Fwb2ZmIC1hCiAgLSBzZWQgLWkgJy8gc3dhcCAvIHMvXlwoLipcKSQvI1wxL2cnIC9ldGMvZnN0YWIKICAKICAjIFN0YXJ0IGFuZCBlbmFibGUgY2hyb255CiAgLSBzeXN0ZW1jdGwgZW5hYmxlIGNocm9ueQogIC0gc3lzdGVtY3RsIHJlc3RhcnQgY2hyb255CiAgCiAgIyBMb2FkIGtlcm5lbCBtb2R1bGVzCiAgLSBtb2Rwcm9iZSBvdmVybGF5CiAgLSBtb2Rwcm9iZSBicl9uZXRmaWx0ZXIKICAKICAjIEFwcGx5IHN5c2N0bCBwYXJhbXMKICAtIHN5c2N0bCAtLXN5c3RlbQogIAogICMgSW5zdGFsbCBjb250YWluZXJkCiAgLSBhcHQtZ2V0IHVwZGF0ZQogIC0gYXB0LWdldCBpbnN0YWxsIC15IGNvbnRhaW5lcmQKICAtIG1rZGlyIC1wIC9ldGMvY29udGFpbmVyZAogIC0gc3lzdGVtY3RsIHJlc3RhcnQgY29udGFpbmVyZAogIC0gc3lzdGVtY3RsIGVuYWJsZSBjb250YWluZXJkCiAgCiAgIyBBZGQgS3ViZXJuZXRlcyBhcHQgcmVwb3NpdG9yeQogIC0gY3VybCAtZnNTTCBodHRwczovL3BrZ3MuazhzLmlvL2NvcmU6L3N0YWJsZTovdjEuMjgvZGViL1JlbGVhc2Uua2V5IHwgZ3BnIC0tZGVhcm1vciAtbyAvZXRjL2FwdC9rZXlyaW5ncy9rdWJlcm5ldGVzLWFwdC1rZXlyaW5nLmdwZwogIC0gZWNobyAnZGViIFtzaWduZWQtYnk9L2V0Yy9hcHQva2V5cmluZ3Mva3ViZXJuZXRlcy1hcHQta2V5cmluZy5ncGddIGh0dHBzOi8vcGtncy5rOHMuaW8vY29yZTovc3RhYmxlOi92MS4yOC9kZWIvIC8nIHwgdGVlIC9ldGMvYXB0L3NvdXJjZXMubGlzdC5kL2t1YmVybmV0ZXMubGlzdAogIAogICMgSW5zdGFsbCBLdWJlcm5ldGVzIGNvbXBvbmVudHMKICAtIGFwdC1nZXQgdXBkYXRlCiAgLSBhcHQtZ2V0IGluc3RhbGwgLXkga3ViZWxldCBrdWJlYWRtIGt1YmVjdGwKICAtIGFwdC1tYXJrIGhvbGQga3ViZWxldCBrdWJlYWRtIGt1YmVjdGwKICAtIHN5c3RlbWN0bCBlbmFibGUga3ViZWxldAogIAogICMgQ29uZmlndXJlIGNyaWN0bCB0byB1c2UgY29udGFpbmVyZAogIC0gY3JpY3RsIGNvbmZpZyBydW50aW1lLWVuZHBvaW50IHVuaXg6Ly8vcnVuL2NvbnRhaW5lcmQvY29udGFpbmVyZC5zb2NrCiAgCiAgIyBFbmFibGUgcm9vdCBTU0ggbG9naW4KICAtIHNlZCAtaSAncy8jUGVybWl0Um9vdExvZ2luIHByb2hpYml0LXBhc3N3b3JkL1Blcm1pdFJvb3RMb2dpbiBwcm9oaWJpdC1wYXNzd29yZC8nIC9ldGMvc3NoL3NzaGRfY29uZmlnCiAgLSBzZWQgLWkgJ3MvUGVybWl0Um9vdExvZ2luIG5vL1Blcm1pdFJvb3RMb2dpbiBwcm9oaWJpdC1wYXNzd29yZC8nIC9ldGMvc3NoL3NzaGRfY29uZmlnCiAgLSBzeXN0ZW1jdGwgcmVzdGFydCBzc2hkCiAgCiAgIyBDcmVhdGUgLnNzaCBkaXJlY3RvcnkgZm9yIHJvb3QKICAtIG1rZGlyIC1wIC9yb290Ly5zc2gKICAtIGNobW9kIDcwMCAvcm9vdC8uc3NoCiAgLSBjcCAvaG9tZS9henVyZXVzZXIvLnNzaC9hdXRob3JpemVkX2tleXMgL3Jvb3QvLnNzaC9hdXRob3JpemVkX2tleXMKICAtIGNobW9kIDYwMCAvcm9vdC8uc3NoL2F1dGhvcml6ZWRfa2V5cwogIC0gY2hvd24gLVIgcm9vdDpyb290IC9yb290Ly5zc2gKCiMgUmVib290IGFmdGVyIGluaXRpYWwgc2V0dXAgdG8gZW5zdXJlIGFsbCBjaGFuZ2VzIHRha2UgZWZmZWN0CnBvd2VyX3N0YXRlOgogIG1vZGU6IHJlYm9vdAogIG1lc3NhZ2U6IFJlYm9vdGluZyBhZnRlciBpbml0aWFsIEt1YmVybmV0ZXMgc2V0dXAKICB0aW1lb3V0OiAzMAogIGNvbmRpdGlvbjogVHJ1ZQo=",
            "dedicated_host_group_id": "",
            "dedicated_host_id": "",
            "disable_password_authentication": true,
            "disk_controller_type": "SCSI",
            "edge_zone": "",
            "encryption_at_host_enabled": false,
            "eviction_policy": "",
            "extensions_time_budget": "PT1H30M",
            "gallery_application": [],
            "id": "/subscriptions/ef90f1f8-dfd6-4cd7-81f1-bd37f18abb1e/resourceGroups/k8s-cluster-rg/providers/Microsoft.Compute/virtualMachines/k8s-worker-1",
            "identity": [],
            "license_type": "",
            "location": "westeurope",
            "max_bid_price": -1,
            "name": "k8s-worker-1",
            "network_interface_ids": [
              "/subscriptions/ef90f1f8-dfd6-4cd7-81f1-bd37f18abb1e/resourceGroups/k8s-cluster-rg/providers/Microsoft.Network/networkInterfaces/k8s-worker-1-nic"
            ],
            "os_disk": [
              {
                "caching": "ReadWrite",
                "diff_disk_settings": [],
                "disk_encryption_set_id": "",
                "disk_size_gb": 30,
                "name": "k8s-worker-1_OsDisk_1_9447449664564f9f9c690cdb06184395",
                "secure_vm_disk_encryption_set_id": "",
                "security_encryption_type": "",
                "storage_account_type": "Standard_LRS",
                "write_accelerator_enabled": false
              }
            ],
            "os_image_notification": [],
            "patch_assessment_mode": "ImageDefault",
            "patch_mode": "ImageDefault",
            "plan": [],
            "platform_fault_domain": -1,
            "priority": "Regular",
            "private_ip_address": "10.0.1.6",
            "private_ip_addresses": [
              "10.0.1.6"
            ],
            "provision_vm_agent": true,
            "proximity_placement_group_id": "",
            "public_ip_address": "",
            "public_ip_addresses": [],
            "reboot_setting": "",
            "resource_group_name": "k8s-cluster-rg",
            "secret": [],
            "secure_boot_enabled": false,
            "size": "Standard_B1ms",
            "source_image_id": "",
            "source_image_reference": [
              {
                "offer": "0001-com-ubuntu-server-jammy",
                "publisher": "Canonical",
                "sku": "22_04-lts-gen2",
                "version": "latest"
              }
            ],
            "tags": {
              "Environment": "Kubernetes",
              "Role": "Worker"
            },
            "termination_notification": [],
            "timeouts": null,
            "user_data": "",
            "virtual_machine_id": "beb7d1d7-0df6-4db6-9856-da804a1afada",
            "virtual_machine_scale_set_id": "",
            "vm_agent_platform_updates_enabled": false,
            "vtpm_enabled": false,
            "zone": ""
          },
          "sensitive_attributes": [
            [
              {
                "type": "get_attr",
                "value": "admin_password"
              }
            ],
            [
              {
                "type": "get_attr",
                "value": "custom_data"
              }
            ]
          ],
          "private": "eyJlMmJmYjczMC1lY2FhLTExZTYtOGY4OC0zNDM2M2JjN2M0YzAiOnsiY3JlYXRlIjoyNzAwMDAwMDAwMDAwLCJkZWxldGUiOjI3MDAwMDAwMDAwMDAsInJlYWQiOjMwMDAwMDAwMDAwMCwidXBkYXRlIjoyNzAwMDAwMDAwMDAwfX0=",
          "dependencies": [
            "azurerm_network_interface.worker_nic",
            "azurerm_resource_group.rg",
            "azurerm_subnet.k8s_subnet",
            "azurerm_virtual_network.vnet"
          ]
        }
      ]
    },
    {
      "mode": "managed",
      "type": "azurerm_network_interface",
      "name": "bastion_nic",
      "provider": "provider[\"registry.terraform.io/hashicorp/azurerm\"]",
      "instances": [
        {
          "schema_version": 0,
          "attributes": {
            "accelerated_networking_enabled": false,
            "applied_dns_servers": [],
            "auxiliary_mode": "",
            "auxiliary_sku": "",
            "dns_servers": [],
            "edge_zone": "",
            "enable_accelerated_networking": false,
            "enable_ip_forwarding": false,
            "id": "/subscriptions/ef90f1f8-dfd6-4cd7-81f1-bd37f18abb1e/resourceGroups/k8s-cluster-rg/providers/Microsoft.Network/networkInterfaces/k8s-bastion-nic",
            "internal_dns_name_label": "",
            "internal_domain_name_suffix": "",
            "ip_configuration": [
              {
                "gateway_load_balancer_frontend_ip_configuration_id": "",
                "name": "internal",
                "primary": true,
                "private_ip_address": "10.0.1.4",
                "private_ip_address_allocation": "Dynamic",
                "private_ip_address_version": "IPv4",
                "public_ip_address_id": "/subscriptions/ef90f1f8-dfd6-4cd7-81f1-bd37f18abb1e/resourceGroups/k8s-cluster-rg/providers/Microsoft.Network/publicIPAddresses/k8s-bastion-pip",
                "subnet_id": "/subscriptions/ef90f1f8-dfd6-4cd7-81f1-bd37f18abb1e/resourceGroups/k8s-cluster-rg/providers/Microsoft.Network/virtualNetworks/k8s-vnet/subnets/k8s-subnet"
              }
            ],
            "ip_forwarding_enabled": false,
            "location": "westeurope",
            "mac_address": "7C-ED-8D-10-D9-E0",
            "name": "k8s-bastion-nic",
            "private_ip_address": "10.0.1.4",
            "private_ip_addresses": [
              "10.0.1.4"
            ],
            "resource_group_name": "k8s-cluster-rg",
            "tags": {},
            "timeouts": null,
            "virtual_machine_id": "/subscriptions/ef90f1f8-dfd6-4cd7-81f1-bd37f18abb1e/resourceGroups/k8s-cluster-rg/providers/Microsoft.Compute/virtualMachines/k8s-bastion"
          },
          "sensitive_attributes": [],
          "private": "eyJlMmJmYjczMC1lY2FhLTExZTYtOGY4OC0zNDM2M2JjN2M0YzAiOnsiY3JlYXRlIjoxODAwMDAwMDAwMDAwLCJkZWxldGUiOjE4MDAwMDAwMDAwMDAsInJlYWQiOjMwMDAwMDAwMDAwMCwidXBkYXRlIjoxODAwMDAwMDAwMDAwfSwic2NoZW1hX3ZlcnNpb24iOiIwIn0=",
          "dependencies": [
            "azurerm_public_ip.bastion_pip",
            "azurerm_resource_group.rg",
            "azurerm_subnet.k8s_subnet",
            "azurerm_virtual_network.vnet"
          ]
        }
      ]
    },
    {
      "mode": "managed",
      "type": "azurerm_network_interface",
      "name": "master_nic",
      "provider": "provider[\"registry.terraform.io/hashicorp/azurerm\"]",
      "instances": [
        {
          "index_key": 0,
          "schema_version": 0,
          "attributes": {
            "accelerated_networking_enabled": false,
            "applied_dns_servers": [],
            "auxiliary_mode": "",
            "auxiliary_sku": "",
            "dns_servers": [],
            "edge_zone": "",
            "enable_accelerated_networking": false,
            "enable_ip_forwarding": false,
            "id": "/subscriptions/ef90f1f8-dfd6-4cd7-81f1-bd37f18abb1e/resourceGroups/k8s-cluster-rg/providers/Microsoft.Network/networkInterfaces/k8s-master-1-nic",
            "internal_dns_name_label": "",
            "internal_domain_name_suffix": "axxl5mtxbcnevimlenvhfo1uyd.ax.internal.cloudapp.net",
            "ip_configuration": [
              {
                "gateway_load_balancer_frontend_ip_configuration_id": "",
                "name": "internal",
                "primary": true,
                "private_ip_address": "10.0.1.5",
                "private_ip_address_allocation": "Dynamic",
                "private_ip_address_version": "IPv4",
                "public_ip_address_id": "",
                "subnet_id": "/subscriptions/ef90f1f8-dfd6-4cd7-81f1-bd37f18abb1e/resourceGroups/k8s-cluster-rg/providers/Microsoft.Network/virtualNetworks/k8s-vnet/subnets/k8s-subnet"
              }
            ],
            "ip_forwarding_enabled": false,
            "location": "westeurope",
            "mac_address": "00-0D-3A-BF-F3-E3",
            "name": "k8s-master-1-nic",
            "private_ip_address": "10.0.1.5",
            "private_ip_addresses": [
              "10.0.1.5"
            ],
            "resource_group_name": "k8s-cluster-rg",
            "tags": {},
            "timeouts": null,
            "virtual_machine_id": "/subscriptions/ef90f1f8-dfd6-4cd7-81f1-bd37f18abb1e/resourceGroups/k8s-cluster-rg/providers/Microsoft.Compute/virtualMachines/k8s-master-1"
          },
          "sensitive_attributes": [],
          "private": "eyJlMmJmYjczMC1lY2FhLTExZTYtOGY4OC0zNDM2M2JjN2M0YzAiOnsiY3JlYXRlIjoxODAwMDAwMDAwMDAwLCJkZWxldGUiOjE4MDAwMDAwMDAwMDAsInJlYWQiOjMwMDAwMDAwMDAwMCwidXBkYXRlIjoxODAwMDAwMDAwMDAwfSwic2NoZW1hX3ZlcnNpb24iOiIwIn0=",
          "dependencies": [
            "azurerm_resource_group.rg",
            "azurerm_subnet.k8s_subnet",
            "azurerm_virtual_network.vnet"
          ]
        }
      ]
    },
    {
      "mode": "managed",
      "type": "azurerm_network_interface",
      "name": "worker_nic",
      "provider": "provider[\"registry.terraform.io/hashicorp/azurerm\"]",
      "instances": [
        {
          "index_key": 0,
          "schema_version": 0,
          "attributes": {
            "accelerated_networking_enabled": false,
            "applied_dns_servers": [],
            "auxiliary_mode": "",
            "auxiliary_sku": "",
            "dns_servers": [],
            "edge_zone": "",
            "enable_accelerated_networking": false,
            "enable_ip_forwarding": false,
            "id": "/subscriptions/ef90f1f8-dfd6-4cd7-81f1-bd37f18abb1e/resourceGroups/k8s-cluster-rg/providers/Microsoft.Network/networkInterfaces/k8s-worker-1-nic",
            "internal_dns_name_label": "",
            "internal_domain_name_suffix": "",
            "ip_configuration": [
              {
                "gateway_load_balancer_frontend_ip_configuration_id": "",
                "name": "internal",
                "primary": true,
                "private_ip_address": "10.0.1.6",
                "private_ip_address_allocation": "Dynamic",
                "private_ip_address_version": "IPv4",
                "public_ip_address_id": "",
                "subnet_id": "/subscriptions/ef90f1f8-dfd6-4cd7-81f1-bd37f18abb1e/resourceGroups/k8s-cluster-rg/providers/Microsoft.Network/virtualNetworks/k8s-vnet/subnets/k8s-subnet"
              }
            ],
            "ip_forwarding_enabled": false,
            "location": "westeurope",
            "mac_address": "60-45-BD-94-5A-DA",
            "name": "k8s-worker-1-nic",
            "private_ip_address": "10.0.1.6",
            "private_ip_addresses": [
              "10.0.1.6"
            ],
            "resource_group_name": "k8s-cluster-rg",
            "tags": {},
            "timeouts": null,
            "virtual_machine_id": "/subscriptions/ef90f1f8-dfd6-4cd7-81f1-bd37f18abb1e/resourceGroups/k8s-cluster-rg/providers/Microsoft.Compute/virtualMachines/k8s-worker-1"
          },
          "sensitive_attributes": [],
          "private": "eyJlMmJmYjczMC1lY2FhLTExZTYtOGY4OC0zNDM2M2JjN2M0YzAiOnsiY3JlYXRlIjoxODAwMDAwMDAwMDAwLCJkZWxldGUiOjE4MDAwMDAwMDAwMDAsInJlYWQiOjMwMDAwMDAwMDAwMCwidXBkYXRlIjoxODAwMDAwMDAwMDAwfSwic2NoZW1hX3ZlcnNpb24iOiIwIn0=",
          "dependencies": [
            "azurerm_resource_group.rg",
            "azurerm_subnet.k8s_subnet",
            "azurerm_virtual_network.vnet"
          ]
        }
      ]
    },
    {
      "mode": "managed",
      "type": "azurerm_network_interface_security_group_association",
      "name": "bastion_nsg_assoc",
      "provider": "provider[\"registry.terraform.io/hashicorp/azurerm\"]",
      "instances": [
        {
          "schema_version": 0,
          "attributes": {
            "id": "/subscriptions/ef90f1f8-dfd6-4cd7-81f1-bd37f18abb1e/resourceGroups/k8s-cluster-rg/providers/Microsoft.Network/networkInterfaces/k8s-bastion-nic|/subscriptions/ef90f1f8-dfd6-4cd7-81f1-bd37f18abb1e/resourceGroups/k8s-cluster-rg/providers/Microsoft.Network/networkSecurityGroups/k8s-bastion-nsg",
            "network_interface_id": "/subscriptions/ef90f1f8-dfd6-4cd7-81f1-bd37f18abb1e/resourceGroups/k8s-cluster-rg/providers/Microsoft.Network/networkInterfaces/k8s-bastion-nic",
            "network_security_group_id": "/subscriptions/ef90f1f8-dfd6-4cd7-81f1-bd37f18abb1e/resourceGroups/k8s-cluster-rg/providers/Microsoft.Network/networkSecurityGroups/k8s-bastion-nsg",
            "timeouts": null
          },
          "sensitive_attributes": [],
          "private": "eyJlMmJmYjczMC1lY2FhLTExZTYtOGY4OC0zNDM2M2JjN2M0YzAiOnsiY3JlYXRlIjoxODAwMDAwMDAwMDAwLCJkZWxldGUiOjE4MDAwMDAwMDAwMDAsInJlYWQiOjMwMDAwMDAwMDAwMH19",
          "dependencies": [
            "azurerm_network_interface.bastion_nic",
            "azurerm_network_security_group.bastion_nsg",
            "azurerm_public_ip.bastion_pip",
            "azurerm_resource_group.rg",
            "azurerm_subnet.k8s_subnet",
            "azurerm_virtual_network.vnet"
          ]
        }
      ]
    },
    {
      "mode": "managed",
      "type": "azurerm_network_interface_security_group_association",
      "name": "master_nsg_assoc",
      "provider": "provider[\"registry.terraform.io/hashicorp/azurerm\"]",
      "instances": [
        {
          "index_key": 0,
          "schema_version": 0,
          "attributes": {
            "id": "/subscriptions/ef90f1f8-dfd6-4cd7-81f1-bd37f18abb1e/resourceGroups/k8s-cluster-rg/providers/Microsoft.Network/networkInterfaces/k8s-master-1-nic|/subscriptions/ef90f1f8-dfd6-4cd7-81f1-bd37f18abb1e/resourceGroups/k8s-cluster-rg/providers/Microsoft.Network/networkSecurityGroups/k8s-master-nsg",
            "network_interface_id": "/subscriptions/ef90f1f8-dfd6-4cd7-81f1-bd37f18abb1e/resourceGroups/k8s-cluster-rg/providers/Microsoft.Network/networkInterfaces/k8s-master-1-nic",
            "network_security_group_id": "/subscriptions/ef90f1f8-dfd6-4cd7-81f1-bd37f18abb1e/resourceGroups/k8s-cluster-rg/providers/Microsoft.Network/networkSecurityGroups/k8s-master-nsg",
            "timeouts": null
          },
          "sensitive_attributes": [],
          "private": "eyJlMmJmYjczMC1lY2FhLTExZTYtOGY4OC0zNDM2M2JjN2M0YzAiOnsiY3JlYXRlIjoxODAwMDAwMDAwMDAwLCJkZWxldGUiOjE4MDAwMDAwMDAwMDAsInJlYWQiOjMwMDAwMDAwMDAwMH19",
          "dependencies": [
            "azurerm_network_interface.master_nic",
            "azurerm_network_security_group.master_nsg",
            "azurerm_resource_group.rg",
            "azurerm_subnet.k8s_subnet",
            "azurerm_virtual_network.vnet"
          ]
        }
      ]
    },
    {
      "mode": "managed",
      "type": "azurerm_network_interface_security_group_association",
      "name": "worker_nsg_assoc",
      "provider": "provider[\"registry.terraform.io/hashicorp/azurerm\"]",
      "instances": [
        {
          "index_key": 0,
          "schema_version": 0,
          "attributes": {
            "id": "/subscriptions/ef90f1f8-dfd6-4cd7-81f1-bd37f18abb1e/resourceGroups/k8s-cluster-rg/providers/Microsoft.Network/networkInterfaces/k8s-worker-1-nic|/subscriptions/ef90f1f8-dfd6-4cd7-81f1-bd37f18abb1e/resourceGroups/k8s-cluster-rg/providers/Microsoft.Network/networkSecurityGroups/k8s-worker-nsg",
            "network_interface_id": "/subscriptions/ef90f1f8-dfd6-4cd7-81f1-bd37f18abb1e/resourceGroups/k8s-cluster-rg/providers/Microsoft.Network/networkInterfaces/k8s-worker-1-nic",
            "network_security_group_id": "/subscriptions/ef90f1f8-dfd6-4cd7-81f1-bd37f18abb1e/resourceGroups/k8s-cluster-rg/providers/Microsoft.Network/networkSecurityGroups/k8s-worker-nsg",
            "timeouts": null
          },
          "sensitive_attributes": [],
          "private": "eyJlMmJmYjczMC1lY2FhLTExZTYtOGY4OC0zNDM2M2JjN2M0YzAiOnsiY3JlYXRlIjoxODAwMDAwMDAwMDAwLCJkZWxldGUiOjE4MDAwMDAwMDAwMDAsInJlYWQiOjMwMDAwMDAwMDAwMH19",
          "dependencies": [
            "azurerm_network_interface.worker_nic",
            "azurerm_network_security_group.worker_nsg",
            "azurerm_resource_group.rg",
            "azurerm_subnet.k8s_subnet",
            "azurerm_virtual_network.vnet"
          ]
        }
      ]
    },
    {
      "mode": "managed",
      "type": "azurerm_network_security_group",
      "name": "bastion_nsg",
      "provider": "provider[\"registry.terraform.io/hashicorp/azurerm\"]",
      "instances": [
        {
          "schema_version": 0,
          "attributes": {
            "id": "/subscriptions/ef90f1f8-dfd6-4cd7-81f1-bd37f18abb1e/resourceGroups/k8s-cluster-rg/providers/Microsoft.Network/networkSecurityGroups/k8s-bastion-nsg",
            "location": "westeurope",
            "name": "k8s-bastion-nsg",
            "resource_group_name": "k8s-cluster-rg",
            "security_rule": [
              {
                "access": "Allow",
                "description": "",
                "destination_address_prefix": "*",
                "destination_address_prefixes": [],
                "destination_application_security_group_ids": [],
                "destination_port_range": "22",
                "destination_port_ranges": [],
                "direction": "Inbound",
                "name": "SSH-In",
                "priority": 100,
                "protocol": "Tcp",
                "source_address_prefix": "0.0.0.0/0",
                "source_address_prefixes": [],
                "source_application_security_group_ids": [],
                "source_port_range": "*",
                "source_port_ranges": []
              },
              {
                "access": "Allow",
                "description": "",
                "destination_address_prefix": "10.0.1.0/24",
                "destination_address_prefixes": [],
                "destination_application_security_group_ids": [],
                "destination_port_range": "22",
                "destination_port_ranges": [],
                "direction": "Outbound",
                "name": "SSH-Out",
                "priority": 100,
                "protocol": "Tcp",
                "source_address_prefix": "*",
                "source_address_prefixes": [],
                "source_application_security_group_ids": [],
                "source_port_range": "*",
                "source_port_ranges": []
              }
            ],
            "tags": {},
            "timeouts": null
          },
          "sensitive_attributes": [],
          "private": "eyJlMmJmYjczMC1lY2FhLTExZTYtOGY4OC0zNDM2M2JjN2M0YzAiOnsiY3JlYXRlIjoxODAwMDAwMDAwMDAwLCJkZWxldGUiOjE4MDAwMDAwMDAwMDAsInJlYWQiOjMwMDAwMDAwMDAwMCwidXBkYXRlIjoxODAwMDAwMDAwMDAwfSwic2NoZW1hX3ZlcnNpb24iOiIwIn0=",
          "dependencies": [
            "azurerm_resource_group.rg"
          ]
        }
      ]
    },
    {
      "mode": "managed",
      "type": "azurerm_network_security_group",
      "name": "master_nsg",
      "provider": "provider[\"registry.terraform.io/hashicorp/azurerm\"]",
      "instances": [
        {
          "schema_version": 0,
          "attributes": {
            "id": "/subscriptions/ef90f1f8-dfd6-4cd7-81f1-bd37f18abb1e/resourceGroups/k8s-cluster-rg/providers/Microsoft.Network/networkSecurityGroups/k8s-master-nsg",
            "location": "westeurope",
            "name": "k8s-master-nsg",
            "resource_group_name": "k8s-cluster-rg",
            "security_rule": [
              {
                "access": "Allow",
                "description": "",
                "destination_address_prefix": "*",
                "destination_address_prefixes": [],
                "destination_application_security_group_ids": [],
                "destination_port_range": "*",
                "destination_port_ranges": [],
                "direction": "Inbound",
                "name": "Internal-Traffic",
                "priority": 200,
                "protocol": "*",
                "source_address_prefix": "10.0.1.0/24",
                "source_address_prefixes": [],
                "source_application_security_group_ids": [],
                "source_port_range": "*",
                "source_port_ranges": []
              },
              {
                "access": "Allow",
                "description": "",
                "destination_address_prefix": "*",
                "destination_address_prefixes": [],
                "destination_application_security_group_ids": [],
                "destination_port_range": "10250-10252",
                "destination_port_ranges": [],
                "direction": "Inbound",
                "name": "K8s-Master-Services",
                "priority": 130,
                "protocol": "Tcp",
                "source_address_prefix": "10.0.1.0/24",
                "source_address_prefixes": [],
                "source_application_security_group_ids": [],
                "source_port_range": "*",
                "source_port_ranges": []
              },
              {
                "access": "Allow",
                "description": "",
                "destination_address_prefix": "*",
                "destination_address_prefixes": [],
                "destination_application_security_group_ids": [],
                "destination_port_range": "22",
                "destination_port_ranges": [],
                "direction": "Inbound",
                "name": "SSH-Bastion",
                "priority": 100,
                "protocol": "Tcp",
                "source_address_prefix": "10.0.1.0/24",
                "source_address_prefixes": [],
                "source_application_security_group_ids": [],
                "source_port_range": "*",
                "source_port_ranges": []
              },
              {
                "access": "Allow",
                "description": "",
                "destination_address_prefix": "*",
                "destination_address_prefixes": [],
                "destination_application_security_group_ids": [],
                "destination_port_range": "2379-2380",
                "destination_port_ranges": [],
                "direction": "Inbound",
                "name": "etcd",
                "priority": 120,
                "protocol": "Tcp",
                "source_address_prefix": "10.0.1.0/24",
                "source_address_prefixes": [],
                "source_application_security_group_ids": [],
                "source_port_range": "*",
                "source_port_ranges": []
              },
              {
                "access": "Allow",
                "description": "",
                "destination_address_prefix": "*",
                "destination_address_prefixes": [],
                "destination_application_security_group_ids": [],
                "destination_port_range": "6443",
                "destination_port_ranges": [],
                "direction": "Inbound",
                "name": "K8s-API",
                "priority": 110,
                "protocol": "Tcp",
                "source_address_prefix": "10.0.1.0/24",
                "source_address_prefixes": [],
                "source_application_security_group_ids": [],
                "source_port_range": "*",
                "source_port_ranges": []
              }
            ],
            "tags": {},
            "timeouts": null
          },
          "sensitive_attributes": [],
          "private": "eyJlMmJmYjczMC1lY2FhLTExZTYtOGY4OC0zNDM2M2JjN2M0YzAiOnsiY3JlYXRlIjoxODAwMDAwMDAwMDAwLCJkZWxldGUiOjE4MDAwMDAwMDAwMDAsInJlYWQiOjMwMDAwMDAwMDAwMCwidXBkYXRlIjoxODAwMDAwMDAwMDAwfSwic2NoZW1hX3ZlcnNpb24iOiIwIn0=",
          "dependencies": [
            "azurerm_resource_group.rg"
          ]
        }
      ]
    },
    {
      "mode": "managed",
      "type": "azurerm_network_security_group",
      "name": "worker_nsg",
      "provider": "provider[\"registry.terraform.io/hashicorp/azurerm\"]",
      "instances": [
        {
          "schema_version": 0,
          "attributes": {
            "id": "/subscriptions/ef90f1f8-dfd6-4cd7-81f1-bd37f18abb1e/resourceGroups/k8s-cluster-rg/providers/Microsoft.Network/networkSecurityGroups/k8s-worker-nsg",
            "location": "westeurope",
            "name": "k8s-worker-nsg",
            "resource_group_name": "k8s-cluster-rg",
            "security_rule": [
              {
                "access": "Allow",
                "description": "",
                "destination_address_prefix": "*",
                "destination_address_prefixes": [],
                "destination_application_security_group_ids": [],
                "destination_port_range": "*",
                "destination_port_ranges": [],
                "direction": "Inbound",
                "name": "Internal-Traffic",
                "priority": 200,
                "protocol": "*",
                "source_address_prefix": "10.0.1.0/24",
                "source_address_prefixes": [],
                "source_application_security_group_ids": [],
                "source_port_range": "*",
                "source_port_ranges": []
              },
              {
                "access": "Allow",
                "description": "",
                "destination_address_prefix": "*",
                "destination_address_prefixes": [],
                "destination_application_security_group_ids": [],
                "destination_port_range": "10250",
                "destination_port_ranges": [],
                "direction": "Inbound",
                "name": "Kubelet",
                "priority": 110,
                "protocol": "Tcp",
                "source_address_prefix": "10.0.1.0/24",
                "source_address_prefixes": [],
                "source_application_security_group_ids": [],
                "source_port_range": "*",
                "source_port_ranges": []
              },
              {
                "access": "Allow",
                "description": "",
                "destination_address_prefix": "*",
                "destination_address_prefixes": [],
                "destination_application_security_group_ids": [],
                "destination_port_range": "22",
                "destination_port_ranges": [],
                "direction": "Inbound",
                "name": "SSH-Bastion",
                "priority": 100,
                "protocol": "Tcp",
                "source_address_prefix": "10.0.1.0/24",
                "source_address_prefixes": [],
                "source_application_security_group_ids": [],
                "source_port_range": "*",
                "source_port_ranges": []
              },
              {
                "access": "Allow",
                "description": "",
                "destination_address_prefix": "*",
                "destination_address_prefixes": [],
                "destination_application_security_group_ids": [],
                "destination_port_range": "30000-32767",
                "destination_port_ranges": [],
                "direction": "Inbound",
                "name": "NodePort",
                "priority": 120,
                "protocol": "Tcp",
                "source_address_prefix": "*",
                "source_address_prefixes": [],
                "source_application_security_group_ids": [],
                "source_port_range": "*",
                "source_port_ranges": []
              }
            ],
            "tags": {},
            "timeouts": null
          },
          "sensitive_attributes": [],
          "private": "eyJlMmJmYjczMC1lY2FhLTExZTYtOGY4OC0zNDM2M2JjN2M0YzAiOnsiY3JlYXRlIjoxODAwMDAwMDAwMDAwLCJkZWxldGUiOjE4MDAwMDAwMDAwMDAsInJlYWQiOjMwMDAwMDAwMDAwMCwidXBkYXRlIjoxODAwMDAwMDAwMDAwfSwic2NoZW1hX3ZlcnNpb24iOiIwIn0=",
          "dependencies": [
            "azurerm_resource_group.rg"
          ]
        }
      ]
    },
    {
      "mode": "managed",
      "type": "azurerm_public_ip",
      "name": "bastion_pip",
      "provider": "provider[\"registry.terraform.io/hashicorp/azurerm\"]",
      "instances": [
        {
          "schema_version": 0,
          "attributes": {
            "allocation_method": "Static",
            "ddos_protection_mode": "VirtualNetworkInherited",
            "ddos_protection_plan_id": null,
            "domain_name_label": null,
            "edge_zone": "",
            "fqdn": null,
            "id": "/subscriptions/ef90f1f8-dfd6-4cd7-81f1-bd37f18abb1e/resourceGroups/k8s-cluster-rg/providers/Microsoft.Network/publicIPAddresses/k8s-bastion-pip",
            "idle_timeout_in_minutes": 4,
            "ip_address": "128.251.187.170",
            "ip_tags": {},
            "ip_version": "IPv4",
            "location": "westeurope",
            "name": "k8s-bastion-pip",
            "public_ip_prefix_id": null,
            "resource_group_name": "k8s-cluster-rg",
            "reverse_fqdn": null,
            "sku": "Standard",
            "sku_tier": "Regional",
            "tags": {
              "Environment": "Kubernetes",
              "Role": "Bastion"
            },
            "timeouts": null,
            "zones": []
          },
          "sensitive_attributes": [],
          "private": "eyJlMmJmYjczMC1lY2FhLTExZTYtOGY4OC0zNDM2M2JjN2M0YzAiOnsiY3JlYXRlIjoxODAwMDAwMDAwMDAwLCJkZWxldGUiOjE4MDAwMDAwMDAwMDAsInJlYWQiOjMwMDAwMDAwMDAwMCwidXBkYXRlIjoxODAwMDAwMDAwMDAwfSwic2NoZW1hX3ZlcnNpb24iOiIwIn0=",
          "dependencies": [
            "azurerm_resource_group.rg"
          ]
        }
      ]
    },
    {
      "mode": "managed",
      "type": "azurerm_resource_group",
      "name": "rg",
      "provider": "provider[\"registry.terraform.io/hashicorp/azurerm\"]",
      "instances": [
        {
          "schema_version": 0,
          "attributes": {
            "id": "/subscriptions/ef90f1f8-dfd6-4cd7-81f1-bd37f18abb1e/resourceGroups/k8s-cluster-rg",
            "location": "westeurope",
            "managed_by": "",
            "name": "k8s-cluster-rg",
            "tags": {},
            "timeouts": null
          },
          "sensitive_attributes": [],
          "private": "eyJlMmJmYjczMC1lY2FhLTExZTYtOGY4OC0zNDM2M2JjN2M0YzAiOnsiY3JlYXRlIjo1NDAwMDAwMDAwMDAwLCJkZWxldGUiOjU0MDAwMDAwMDAwMDAsInJlYWQiOjMwMDAwMDAwMDAwMCwidXBkYXRlIjo1NDAwMDAwMDAwMDAwfSwic2NoZW1hX3ZlcnNpb24iOiIwIn0="
        }
      ]
    },
    {
      "mode": "managed",
      "type": "azurerm_role_assignment",
      "name": "storage_smb_contributor",
      "provider": "provider[\"registry.terraform.io/hashicorp/azurerm\"]",
      "instances": [
        {
          "schema_version": 0,
          "attributes": {
            "condition": "",
            "condition_version": "",
            "delegated_managed_identity_resource_id": "",
            "description": "",
            "id": "/subscriptions/ef90f1f8-dfd6-4cd7-81f1-bd37f18abb1e/resourceGroups/k8s-cluster-rg/providers/Microsoft.Storage/storageAccounts/k8ssvc/providers/Microsoft.Authorization/roleAssignments/bd7d5523-87d5-5492-3f37-3d0e3afc5d4e",
            "name": "bd7d5523-87d5-5492-3f37-3d0e3afc5d4e",
            "principal_id": "59b52168-b216-414e-8b0d-2c055289c2fa",
            "principal_type": "ServicePrincipal",
            "role_definition_id": "/subscriptions/ef90f1f8-dfd6-4cd7-81f1-bd37f18abb1e/providers/Microsoft.Authorization/roleDefinitions/0c867c2a-1d8c-454a-a3db-ab2ea1bdc8bb",
            "role_definition_name": "Storage File Data SMB Share Contributor",
            "scope": "/subscriptions/ef90f1f8-dfd6-4cd7-81f1-bd37f18abb1e/resourceGroups/k8s-cluster-rg/providers/Microsoft.Storage/storageAccounts/k8ssvc",
            "skip_service_principal_aad_check": null,
            "timeouts": null
          },
          "sensitive_attributes": [],
          "private": "eyJlMmJmYjczMC1lY2FhLTExZTYtOGY4OC0zNDM2M2JjN2M0YzAiOnsiY3JlYXRlIjoxODAwMDAwMDAwMDAwLCJkZWxldGUiOjE4MDAwMDAwMDAwMDAsInJlYWQiOjMwMDAwMDAwMDAwMH0sInNjaGVtYV92ZXJzaW9uIjoiMCJ9",
          "dependencies": [
            "azurerm_resource_group.rg",
            "azurerm_storage_account.k8s_svc",
            "azurerm_subnet.k8s_subnet",
            "azurerm_user_assigned_identity.storage_identity",
            "azurerm_virtual_network.vnet"
          ]
        }
      ]
    },
    {
      "mode": "managed",
      "type": "azurerm_storage_account",
      "name": "k8s_svc",
      "provider": "provider[\"registry.terraform.io/hashicorp/azurerm\"]",
      "instances": [
        {
          "schema_version": 4,
          "attributes": {
            "access_tier": "Hot",
            "account_kind": "StorageV2",
            "account_replication_type": "GRS",
            "account_tier": "Standard",
            "allow_nested_items_to_be_public": true,
            "allowed_copy_scope": "",
            "azure_files_authentication": [
              {
                "active_directory": [],
                "default_share_level_permission": "None",
                "directory_type": "AADKERB"
              }
            ],
            "blob_properties": [
              {
                "change_feed_enabled": false,
                "change_feed_retention_in_days": 0,
                "container_delete_retention_policy": [],
                "cors_rule": [],
                "default_service_version": "",
                "delete_retention_policy": [],
                "last_access_time_enabled": false,
                "restore_policy": [],
                "versioning_enabled": false
              }
            ],
            "cross_tenant_replication_enabled": true,
            "custom_domain": [],
            "customer_managed_key": [],
            "default_to_oauth_authentication": false,
            "dns_endpoint_type": "Standard",
            "edge_zone": "",
            "enable_https_traffic_only": true,
            "https_traffic_only_enabled": true,
            "id": "/subscriptions/ef90f1f8-dfd6-4cd7-81f1-bd37f18abb1e/resourceGroups/k8s-cluster-rg/providers/Microsoft.Storage/storageAccounts/k8ssvc",
            "identity": [],
            "immutability_policy": [],
            "infrastructure_encryption_enabled": false,
            "is_hns_enabled": false,
            "large_file_share_enabled": false,
            "local_user_enabled": true,
            "location": "westeurope",
            "min_tls_version": "TLS1_2",
            "name": "k8ssvc",
            "network_rules": [
              {
                "bypass": [
                  "AzureServices"
                ],
                "default_action": "Deny",
                "ip_rules": [
                  "0.0.0.0/0"
                ],
                "private_link_access": [],
                "virtual_network_subnet_ids": [
                  "/subscriptions/ef90f1f8-dfd6-4cd7-81f1-bd37f18abb1e/resourceGroups/k8s-cluster-rg/providers/Microsoft.Network/virtualNetworks/k8s-vnet/subnets/k8s-subnet"
                ]
              }
            ],
            "nfsv3_enabled": false,
            "primary_access_key": "+LdPpuzlxdw2e3gL2FVrfDaUS5PfqtA0DejgQxikHKEQngbVX/288XeT5r8T3iHYmMFVWTkq00Am+AStNPbtsA==",
            "primary_blob_connection_string": "DefaultEndpointsProtocol=https;BlobEndpoint=https://k8ssvc.blob.core.windows.net/;AccountName=k8ssvc;AccountKey=+LdPpuzlxdw2e3gL2FVrfDaUS5PfqtA0DejgQxikHKEQngbVX/288XeT5r8T3iHYmMFVWTkq00Am+AStNPbtsA==",
            "primary_blob_endpoint": "https://k8ssvc.blob.core.windows.net/",
            "primary_blob_host": "k8ssvc.blob.core.windows.net",
            "primary_blob_internet_endpoint": "",
            "primary_blob_internet_host": "",
            "primary_blob_microsoft_endpoint": "",
            "primary_blob_microsoft_host": "",
            "primary_connection_string": "DefaultEndpointsProtocol=https;AccountName=k8ssvc;AccountKey=+LdPpuzlxdw2e3gL2FVrfDaUS5PfqtA0DejgQxikHKEQngbVX/288XeT5r8T3iHYmMFVWTkq00Am+AStNPbtsA==;EndpointSuffix=core.windows.net",
            "primary_dfs_endpoint": "https://k8ssvc.dfs.core.windows.net/",
            "primary_dfs_host": "k8ssvc.dfs.core.windows.net",
            "primary_dfs_internet_endpoint": "",
            "primary_dfs_internet_host": "",
            "primary_dfs_microsoft_endpoint": "",
            "primary_dfs_microsoft_host": "",
            "primary_file_endpoint": "https://k8ssvc.file.core.windows.net/",
            "primary_file_host": "k8ssvc.file.core.windows.net",
            "primary_file_internet_endpoint": "",
            "primary_file_internet_host": "",
            "primary_file_microsoft_endpoint": "",
            "primary_file_microsoft_host": "",
            "primary_location": "westeurope",
            "primary_queue_endpoint": "https://k8ssvc.queue.core.windows.net/",
            "primary_queue_host": "k8ssvc.queue.core.windows.net",
            "primary_queue_microsoft_endpoint": "",
            "primary_queue_microsoft_host": "",
            "primary_table_endpoint": "https://k8ssvc.table.core.windows.net/",
            "primary_table_host": "k8ssvc.table.core.windows.net",
            "primary_table_microsoft_endpoint": "",
            "primary_table_microsoft_host": "",
            "primary_web_endpoint": "https://k8ssvc.z6.web.core.windows.net/",
            "primary_web_host": "k8ssvc.z6.web.core.windows.net",
            "primary_web_internet_endpoint": "",
            "primary_web_internet_host": "",
            "primary_web_microsoft_endpoint": "",
            "primary_web_microsoft_host": "",
            "public_network_access_enabled": true,
            "queue_encryption_key_type": "Service",
            "queue_properties": [
              {
                "cors_rule": [],
                "hour_metrics": [
                  {
                    "enabled": false,
                    "include_apis": false,
                    "retention_policy_days": 0,
                    "version": "1.0"
                  }
                ],
                "logging": [
                  {
                    "delete": false,
                    "read": false,
                    "retention_policy_days": 0,
                    "version": "1.0",
                    "write": false
                  }
                ],
                "minute_metrics": [
                  {
                    "enabled": false,
                    "include_apis": false,
                    "retention_policy_days": 0,
                    "version": "1.0"
                  }
                ]
              }
            ],
            "resource_group_name": "k8s-cluster-rg",
            "routing": [],
            "sas_policy": [],
            "secondary_access_key": "AFaVu5U6utvVijSEBpzcRpN+1DCqymgJMbBtdmmhJnXyolLrbdX6fBNt7RhmE7zM63p/gNRrUy2k+AStt0/Iwg==",
            "secondary_blob_connection_string": "",
            "secondary_blob_endpoint": "",
            "secondary_blob_host": "",
            "secondary_blob_internet_endpoint": "",
            "secondary_blob_internet_host": "",
            "secondary_blob_microsoft_endpoint": "",
            "secondary_blob_microsoft_host": "",
            "secondary_connection_string": "DefaultEndpointsProtocol=https;AccountName=k8ssvc;AccountKey=AFaVu5U6utvVijSEBpzcRpN+1DCqymgJMbBtdmmhJnXyolLrbdX6fBNt7RhmE7zM63p/gNRrUy2k+AStt0/Iwg==;EndpointSuffix=core.windows.net",
            "secondary_dfs_endpoint": "",
            "secondary_dfs_host": "",
            "secondary_dfs_internet_endpoint": "",
            "secondary_dfs_internet_host": "",
            "secondary_dfs_microsoft_endpoint": "",
            "secondary_dfs_microsoft_host": "",
            "secondary_file_endpoint": "",
            "secondary_file_host": "",
            "secondary_file_internet_endpoint": "",
            "secondary_file_internet_host": "",
            "secondary_file_microsoft_endpoint": "",
            "secondary_file_microsoft_host": "",
            "secondary_location": "northeurope",
            "secondary_queue_endpoint": "",
            "secondary_queue_host": "",
            "secondary_queue_microsoft_endpoint": "",
            "secondary_queue_microsoft_host": "",
            "secondary_table_endpoint": "",
            "secondary_table_host": "",
            "secondary_table_microsoft_endpoint": "",
            "secondary_table_microsoft_host": "",
            "secondary_web_endpoint": "",
            "secondary_web_host": "",
            "secondary_web_internet_endpoint": "",
            "secondary_web_internet_host": "",
            "secondary_web_microsoft_endpoint": "",
            "secondary_web_microsoft_host": "",
            "sftp_enabled": false,
            "share_properties": [
              {
                "cors_rule": [],
                "retention_policy": [
                  {
                    "days": 7
                  }
                ],
                "smb": []
              }
            ],
            "shared_access_key_enabled": true,
            "static_website": [],
            "table_encryption_key_type": "Service",
            "tags": {
              "Environment": "Kubernetes",
              "Role": "Storage"
            },
            "timeouts": null
          },
          "sensitive_attributes": [
            [
              {
                "type": "get_attr",
                "value": "primary_blob_connection_string"
              }
            ],
            [
              {
                "type": "get_attr",
                "value": "secondary_blob_connection_string"
              }
            ],
            [
              {
                "type": "get_attr",
                "value": "secondary_access_key"
              }
            ],
            [
              {
                "type": "get_attr",
                "value": "primary_connection_string"
              }
            ],
            [
              {
                "type": "get_attr",
                "value": "primary_access_key"
              }
            ],
            [
              {
                "type": "get_attr",
                "value": "secondary_connection_string"
              }
            ]
          ],
          "private": "eyJlMmJmYjczMC1lY2FhLTExZTYtOGY4OC0zNDM2M2JjN2M0YzAiOnsiY3JlYXRlIjozNjAwMDAwMDAwMDAwLCJkZWxldGUiOjM2MDAwMDAwMDAwMDAsInJlYWQiOjMwMDAwMDAwMDAwMCwidXBkYXRlIjozNjAwMDAwMDAwMDAwfSwic2NoZW1hX3ZlcnNpb24iOiI0In0=",
          "dependencies": [
            "azurerm_resource_group.rg",
            "azurerm_subnet.k8s_subnet",
            "azurerm_virtual_network.vnet"
          ]
        }
      ]
    },
    {
      "mode": "managed",
      "type": "azurerm_storage_share",
      "name": "storage_file",
      "provider": "provider[\"registry.terraform.io/hashicorp/azurerm\"]",
      "instances": [
        {
          "schema_version": 2,
          "attributes": {
            "access_tier": "TransactionOptimized",
            "acl": [],
            "enabled_protocol": "SMB",
            "id": "https://k8ssvc.file.core.windows.net/k8s-storage",
            "metadata": {},
            "name": "k8s-storage",
            "quota": 50,
            "resource_manager_id": "/subscriptions/ef90f1f8-dfd6-4cd7-81f1-bd37f18abb1e/resourceGroups/k8s-cluster-rg/providers/Microsoft.Storage/storageAccounts/k8ssvc/fileServices/default/fileshares/k8s-storage",
            "storage_account_name": "k8ssvc",
            "timeouts": null,
            "url": "https://k8ssvc.file.core.windows.net/k8s-storage"
          },
          "sensitive_attributes": [],
          "private": "eyJlMmJmYjczMC1lY2FhLTExZTYtOGY4OC0zNDM2M2JjN2M0YzAiOnsiY3JlYXRlIjoxODAwMDAwMDAwMDAwLCJkZWxldGUiOjE4MDAwMDAwMDAwMDAsInJlYWQiOjMwMDAwMDAwMDAwMCwidXBkYXRlIjoxODAwMDAwMDAwMDAwfSwic2NoZW1hX3ZlcnNpb24iOiIyIn0=",
          "dependencies": [
            "azurerm_resource_group.rg",
            "azurerm_storage_account.k8s_svc",
            "azurerm_subnet.k8s_subnet",
            "azurerm_virtual_network.vnet"
          ]
        }
      ]
    },
    {
      "mode": "managed",
      "type": "azurerm_storage_share",
      "name": "storage_file_mysql",
      "provider": "provider[\"registry.terraform.io/hashicorp/azurerm\"]",
      "instances": [
        {
          "schema_version": 2,
          "attributes": {
            "access_tier": "TransactionOptimized",
            "acl": [],
            "enabled_protocol": "SMB",
            "id": "https://k8ssvc.file.core.windows.net/mysql-storage",
            "metadata": {},
            "name": "mysql-storage",
            "quota": 50,
            "resource_manager_id": "/subscriptions/ef90f1f8-dfd6-4cd7-81f1-bd37f18abb1e/resourceGroups/k8s-cluster-rg/providers/Microsoft.Storage/storageAccounts/k8ssvc/fileServices/default/fileshares/mysql-storage",
            "storage_account_name": "k8ssvc",
            "timeouts": null,
            "url": "https://k8ssvc.file.core.windows.net/mysql-storage"
          },
          "sensitive_attributes": [],
          "private": "eyJlMmJmYjczMC1lY2FhLTExZTYtOGY4OC0zNDM2M2JjN2M0YzAiOnsiY3JlYXRlIjoxODAwMDAwMDAwMDAwLCJkZWxldGUiOjE4MDAwMDAwMDAwMDAsInJlYWQiOjMwMDAwMDAwMDAwMCwidXBkYXRlIjoxODAwMDAwMDAwMDAwfSwic2NoZW1hX3ZlcnNpb24iOiIyIn0=",
          "dependencies": [
            "azurerm_resource_group.rg",
            "azurerm_storage_account.k8s_svc",
            "azurerm_subnet.k8s_subnet",
            "azurerm_virtual_network.vnet"
          ]
        }
      ]
    },
    {
      "mode": "managed",
      "type": "azurerm_storage_share",
      "name": "storage_file_wordpress",
      "provider": "provider[\"registry.terraform.io/hashicorp/azurerm\"]",
      "instances": [
        {
          "schema_version": 2,
          "attributes": {
            "access_tier": "TransactionOptimized",
            "acl": [],
            "enabled_protocol": "SMB",
            "id": "https://k8ssvc.file.core.windows.net/wordpress-storage",
            "metadata": {},
            "name": "wordpress-storage",
            "quota": 50,
            "resource_manager_id": "/subscriptions/ef90f1f8-dfd6-4cd7-81f1-bd37f18abb1e/resourceGroups/k8s-cluster-rg/providers/Microsoft.Storage/storageAccounts/k8ssvc/fileServices/default/fileshares/wordpress-storage",
            "storage_account_name": "k8ssvc",
            "timeouts": null,
            "url": "https://k8ssvc.file.core.windows.net/wordpress-storage"
          },
          "sensitive_attributes": [],
          "private": "eyJlMmJmYjczMC1lY2FhLTExZTYtOGY4OC0zNDM2M2JjN2M0YzAiOnsiY3JlYXRlIjoxODAwMDAwMDAwMDAwLCJkZWxldGUiOjE4MDAwMDAwMDAwMDAsInJlYWQiOjMwMDAwMDAwMDAwMCwidXBkYXRlIjoxODAwMDAwMDAwMDAwfSwic2NoZW1hX3ZlcnNpb24iOiIyIn0=",
          "dependencies": [
            "azurerm_resource_group.rg",
            "azurerm_storage_account.k8s_svc",
            "azurerm_subnet.k8s_subnet",
            "azurerm_virtual_network.vnet"
          ]
        }
      ]
    },
    {
      "mode": "managed",
      "type": "azurerm_subnet",
      "name": "k8s_subnet",
      "provider": "provider[\"registry.terraform.io/hashicorp/azurerm\"]",
      "instances": [
        {
          "schema_version": 0,
          "attributes": {
            "address_prefixes": [
              "10.0.1.0/24"
            ],
            "default_outbound_access_enabled": true,
            "delegation": [],
            "enforce_private_link_endpoint_network_policies": false,
            "enforce_private_link_service_network_policies": false,
            "id": "/subscriptions/ef90f1f8-dfd6-4cd7-81f1-bd37f18abb1e/resourceGroups/k8s-cluster-rg/providers/Microsoft.Network/virtualNetworks/k8s-vnet/subnets/k8s-subnet",
            "name": "k8s-subnet",
            "private_endpoint_network_policies": "Enabled",
            "private_endpoint_network_policies_enabled": true,
            "private_link_service_network_policies_enabled": true,
            "resource_group_name": "k8s-cluster-rg",
            "service_endpoint_policy_ids": [],
            "service_endpoints": [
              "Microsoft.Storage"
            ],
            "timeouts": null,
            "virtual_network_name": "k8s-vnet"
          },
          "sensitive_attributes": [],
          "private": "eyJlMmJmYjczMC1lY2FhLTExZTYtOGY4OC0zNDM2M2JjN2M0YzAiOnsiY3JlYXRlIjoxODAwMDAwMDAwMDAwLCJkZWxldGUiOjE4MDAwMDAwMDAwMDAsInJlYWQiOjMwMDAwMDAwMDAwMCwidXBkYXRlIjoxODAwMDAwMDAwMDAwfSwic2NoZW1hX3ZlcnNpb24iOiIwIn0=",
          "dependencies": [
            "azurerm_resource_group.rg",
            "azurerm_virtual_network.vnet"
          ]
        }
      ]
    },
    {
      "mode": "managed",
      "type": "azurerm_user_assigned_identity",
      "name": "storage_identity",
      "provider": "provider[\"registry.terraform.io/hashicorp/azurerm\"]",
      "instances": [
        {
          "schema_version": 1,
          "attributes": {
            "client_id": "27fdfe11-a32b-4144-a93c-230416c420c9",
            "id": "/subscriptions/ef90f1f8-dfd6-4cd7-81f1-bd37f18abb1e/resourceGroups/k8s-cluster-rg/providers/Microsoft.ManagedIdentity/userAssignedIdentities/k8s-storage-identity",
            "location": "westeurope",
            "name": "k8s-storage-identity",
            "principal_id": "59b52168-b216-414e-8b0d-2c055289c2fa",
            "resource_group_name": "k8s-cluster-rg",
            "tags": {
              "Environment": "Kubernetes",
              "Role": "StorageAccess"
            },
            "tenant_id": "adf55701-79bd-4548-abec-e0f364c27354",
            "timeouts": null
          },
          "sensitive_attributes": [],
          "private": "eyJlMmJmYjczMC1lY2FhLTExZTYtOGY4OC0zNDM2M2JjN2M0YzAiOnsiY3JlYXRlIjoxODAwMDAwMDAwMDAwLCJkZWxldGUiOjE4MDAwMDAwMDAwMDAsInJlYWQiOjMwMDAwMDAwMDAwMCwidXBkYXRlIjoxODAwMDAwMDAwMDAwfSwic2NoZW1hX3ZlcnNpb24iOiIxIn0="
        }
      ]
    },
    {
      "mode": "managed",
      "type": "azurerm_virtual_network",
      "name": "vnet",
      "provider": "provider[\"registry.terraform.io/hashicorp/azurerm\"]",
      "instances": [
        {
          "schema_version": 0,
          "attributes": {
            "address_space": [
              "10.0.0.0/16"
            ],
            "bgp_community": "",
            "ddos_protection_plan": [],
            "dns_servers": [],
            "edge_zone": "",
            "encryption": [],
            "flow_timeout_in_minutes": 0,
            "guid": "b2bfee05-0877-4a9a-a18b-236a72bb74c3",
            "id": "/subscriptions/ef90f1f8-dfd6-4cd7-81f1-bd37f18abb1e/resourceGroups/k8s-cluster-rg/providers/Microsoft.Network/virtualNetworks/k8s-vnet",
            "location": "westeurope",
            "name": "k8s-vnet",
            "resource_group_name": "k8s-cluster-rg",
            "subnet": [
              {
                "address_prefix": "10.0.1.0/24",
                "id": "/subscriptions/ef90f1f8-dfd6-4cd7-81f1-bd37f18abb1e/resourceGroups/k8s-cluster-rg/providers/Microsoft.Network/virtualNetworks/k8s-vnet/subnets/k8s-subnet",
                "name": "k8s-subnet",
                "security_group": ""
              }
            ],
            "tags": {},
            "timeouts": null
          },
          "sensitive_attributes": [],
          "private": "eyJlMmJmYjczMC1lY2FhLTExZTYtOGY4OC0zNDM2M2JjN2M0YzAiOnsiY3JlYXRlIjoxODAwMDAwMDAwMDAwLCJkZWxldGUiOjE4MDAwMDAwMDAwMDAsInJlYWQiOjMwMDAwMDAwMDAwMCwidXBkYXRlIjoxODAwMDAwMDAwMDAwfSwic2NoZW1hX3ZlcnNpb24iOiIwIn0=",
          "dependencies": [
            "azurerm_resource_group.rg"
          ]
        }
      ]
    }
  ],
  "check_results": null
}
